
Microsoft Visual Studio Solution File, Format Version 12.00
# Visual Studio 15
VisualStudioVersion = 15.0.28307.102
MinimumVisualStudioVersion = 10.0.40219.1
Project("{9A19103F-16F7-4668-BE54-9A1E7A4F7556}") = "MockServerClientNet", "src\MockServerClientNet\MockServerClientNet.csproj", "{F8EC956E-4DD4-4F42-8EA0-F90AF7E017B5}"
EndProject
Project("{9A19103F-16F7-4668-BE54-9A1E7A4F7556}") = "MockServerClientNet.Tests", "tests\MockServerClientNet.Tests\MockServerClientNet.Tests.csproj", "{B6C7B8E5-FFA2-4191-9FE9-D90F052E6B4E}"
EndProject
Global
	GlobalSection(SolutionConfigurationPlatforms) = preSolution
		Debug|Any CPU = Debug|Any CPU
		Release|Any CPU = Release|Any CPU
	EndGlobalSection
	GlobalSection(ProjectConfigurationPlatforms) = postSolution
		{F8EC956E-4DD4-4F42-8EA0-F90AF7E017B5}.Debug|Any CPU.ActiveCfg = Debug|Any CPU
		{F8EC956E-4DD4-4F42-8EA0-F90AF7E017B5}.Debug|Any CPU.Build.0 = Debug|Any CPU
		{F8EC956E-4DD4-4F42-8EA0-F90AF7E017B5}.Release|Any CPU.ActiveCfg = Release|Any CPU
		{F8EC956E-4DD4-4F42-8EA0-F90AF7E017B5}.Release|Any CPU.Build.0 = Release|Any CPU
		{B6C7B8E5-FFA2-4191-9FE9-D90F052E6B4E}.Debug|Any CPU.ActiveCfg = Debug|Any CPU
		{B6C7B8E5-FFA2-4191-9FE9-D90F052E6B4E}.Debug|Any CPU.Build.0 = Debug|Any CPU
		{B6C7B8E5-FFA2-4191-9FE9-D90F052E6B4E}.Release|Any CPU.ActiveCfg = Release|Any CPU
		{B6C7B8E5-FFA2-4191-9FE9-D90F052E6B4E}.Release|Any CPU.Build.0 = Release|Any CPU
	EndGlobalSection
	GlobalSection(SolutionProperties) = preSolution
		HideSolutionNode = FALSE
	EndGlobalSection
	GlobalSection(ExtensibilityGlobals) = postSolution
		SolutionGuid = {6EAFE1F1-F61D-40D2-9BC8-6BD0CF6C74D5}
	EndGlobalSection
EndGlobal
