
Microsoft Visual Studio Solution File, Format Version 15.00
# Visual Studio 2017
Project("{FAE04EC0-301F-11D3-BF4B-00C04F79EFBC}") = "MockServerClientCSharp", "MockServerClientCSharp.csproj", "{133E1A73-2E0B-4934-9ED5-1B592C4AD771}"
EndProject
Global
	GlobalSection(SolutionConfigurationPlatforms) = preSolution
		Debug|Any CPU = Debug|Any CPU
		Release|Any CPU = Release|Any CPU
	EndGlobalSection
	GlobalSection(ProjectConfigurationPlatforms) = postSolution
		{133E1A73-2E0B-4934-9ED5-1B592C4AD771}.Debug|Any CPU.ActiveCfg = Debug|Any CPU
		{133E1A73-2E0B-4934-9ED5-1B592C4AD771}.Debug|Any CPU.Build.0 = Debug|Any CPU
		{133E1A73-2E0B-4934-9ED5-1B592C4AD771}.Release|Any CPU.ActiveCfg = Release|Any CPU
		{133E1A73-2E0B-4934-9ED5-1B592C4AD771}.Release|Any CPU.Build.0 = Release|Any CPU
	EndGlobalSection
EndGlobal
